{
  "name": "client",
  "lockfileVersion": 3,
  "requires": true,
  "packages": {
    "": {
      "dependencies": {
        "convert-string": "^0.1.0",
        "ice": "^3.7.100",
        "slice2js": "^3.7.100"
      },
      "devDependencies": {
        "@types/node": "^20.11.25"
      }
    },
    "node_modules/@types/node": {
      "version": "20.11.25",
      "resolved": "https://registry.npmjs.org/@types/node/-/node-20.11.25.tgz",
      "integrity": "sha512-TBHyJxk2b7HceLVGFcpAUjsa5zIdsPWlR6XHfyGzd0SFu+/NFgQgMAl96MSDZgQDvJAvV6BKsFOrt6zIL09JDw==",
      "dev": true,
      "dependencies": {
        "undici-types": "~5.26.4"
      }
    },
    "node_modules/convert-string": {
      "version": "0.1.0",
      "resolved": "https://registry.npmjs.org/convert-string/-/convert-string-0.1.0.tgz",
      "integrity": "sha512-1KX9ESmtl8xpT2LN2tFnKSbV4NiarbVi8DVb39ZriijvtTklyrT+4dT1wsGMHKD3CJUjXgvJzstm9qL9ICojGA=="
    },
    "node_modules/ice": {
      "version": "3.7.100",
      "resolved": "https://registry.npmjs.org/ice/-/ice-3.7.100.tgz",
      "integrity": "sha512-bpuU3pT7pgCz1Ku04Xpydx6Q0KSbJTxOb5RZ0YqHH64YVn/06LRE7kglRW4qJxiy1pN0C0/MmZ6FlBRYVzmImg==",
      "engines": {
        "node": ">=0.10.0"
      }
    },
    "node_modules/slice2js": {
      "version": "3.7.100",
      "resolved": "https://registry.npmjs.org/slice2js/-/slice2js-3.7.100.tgz",
      "integrity": "sha512-dX/d3GT+nHqoWe70OGewNo5wSeTzid2iuKoCVKWhEdDVE+h7UKEVClyHjJHVLIiZfGzn58aMwU+sBY11MVoahg==",
      "hasInstallScript": true,
      "bin": {
        "slice2js": "bin/slice2js-cli.js"
      }
    },
    "node_modules/undici-types": {
      "version": "5.26.5",
      "resolved": "https://registry.npmjs.org/undici-types/-/undici-types-5.26.5.tgz",
      "integrity": "sha512-JlCMO+ehdEIKqlFxk6IfVoAUVmgz7cU7zD/h9XZ0qzeosSHmUJVOzSQvvYSYWXkFXC+IfLKSIffhv0sVZup6pA==",
      "dev": true
    }
  }
}
